# This file is automatically @generated by Poetry 2.2.0 and should not be changed by hand.

[[package]]
name = "cython"
version = "3.2.4"
description = "The Cython compiler for writing C extensions in the Python language."
optional = false
python-versions = ">=3.8"
groups = ["dev"]
files = [
    {file = "cython-3.2.4-cp310-cp310-macosx_11_0_arm64.whl", hash = "sha256:02cb0cc0f23b9874ad262d7d2b9560aed9c7e2df07b49b920bda6f2cc9cb505e"},
    {file = "cython-3.2.4-cp310-cp310-manylinux2014_aarch64.manylinux_2_17_aarch64.manylinux_2_28_aarch64.whl", hash = "sha256:f136f379a4a54246facd0eb6f1ee15c3837cb314ce87b677582ec014db4c6845"},
    {file = "cython-3.2.4-cp310-cp310-manylinux2014_x86_64.manylinux_2_17_x86_64.manylinux_2_28_x86_64.whl", hash = "sha256:35ab0632186057406ec729374c737c37051d2eacad9d515d94e5a3b3e58a9b02"},
    {file = "cython-3.2.4-cp310-cp310-win_amd64.whl", hash = "sha256:ca2399dc75796b785f74fb85c938254fa10c80272004d573c455f9123eceed86"},
    {file = "cython-3.2.4-cp311-cp311-macosx_11_0_arm64.whl", hash = "sha256:ff9af2134c05e3734064808db95b4dd7341a39af06e8945d05ea358e1741aaed"},
    {file = "cython-3.2.4-cp311-cp311-manylinux2014_aarch64.manylinux_2_17_aarch64.manylinux_2_28_aarch64.whl", hash = "sha256:67922c9de058a0bfb72d2e75222c52d09395614108c68a76d9800f150296ddb3"},
    {file = "cython-3.2.4-cp311-cp311-manylinux2014_x86_64.manylinux_2_17_x86_64.manylinux_2_28_x86_64.whl", hash = "sha256:b362819d155fff1482575e804e43e3a8825332d32baa15245f4642022664a3f4"},
    {file = "cython-3.2.4-cp311-cp311-win_amd64.whl", hash = "sha256:1a64a112a34ec719b47c01395647e54fb4cf088a511613f9a3a5196694e8e382"},
    {file = "cython-3.2.4-cp312-cp312-macosx_11_0_arm64.whl", hash = "sha256:64d7f71be3dd6d6d4a4c575bb3a4674ea06d1e1e5e4cd1b9882a2bc40ed3c4c9"},
    {file = "cython-3.2.4-cp312-cp312-manylinux2014_aarch64.manylinux_2_17_aarch64.manylinux_2_28_aarch64.whl", hash = "sha256:869487ea41d004f8b92171f42271fbfadb1ec03bede3158705d16cd570d6b891"},
    {file = "cython-3.2.4-cp312-cp312-manylinux2014_x86_64.manylinux_2_17_x86_64.manylinux_2_28_x86_64.whl", hash = "sha256:55b6c44cd30821f0b25220ceba6fe636ede48981d2a41b9bbfe3c7902ce44ea7"},
    {file = "cython-3.2.4-cp312-cp312-win_amd64.whl", hash = "sha256:767b143704bdd08a563153448955935844e53b852e54afdc552b43902ed1e235"},
    {file = "cython-3.2.4-cp313-cp313-macosx_11_0_arm64.whl", hash = "sha256:28e8075087a59756f2d059273184b8b639fe0f16cf17470bd91c39921bc154e0"},
    {file = "cython-3.2.4-cp313-cp313-manylinux2014_aarch64.manylinux_2_17_aarch64.manylinux_2_28_aarch64.whl", hash = "sha256:03893c88299a2c868bb741ba6513357acd104e7c42265809fd58dce1456a36fc"},
    {file = "cython-3.2.4-cp313-cp313-manylinux2014_x86_64.manylinux_2_17_x86_64.manylinux_2_28_x86_64.whl", hash = "sha256:f81eda419b5ada7b197bbc3c5f4494090e3884521ffd75a3876c93fbf66c9ca8"},
    {file = "cython-3.2.4-cp313-cp313-win_amd64.whl", hash = "sha256:83266c356c13c68ffe658b4905279c993d8a5337bb0160fa90c8a3e297ea9a2e"},
    {file = "cython-3.2.4-cp314-cp314-macosx_11_0_arm64.whl", hash = "sha256:d4b4fd5332ab093131fa6172e8362f16adef3eac3179fd24bbdc392531cb82fa"},
    {file = "cython-3.2.4-cp314-cp314-manylinux2014_aarch64.manylinux_2_17_aarch64.manylinux_2_28_aarch64.whl", hash = "sha256:e3b5ac54e95f034bc7fb07313996d27cbf71abc17b229b186c1540942d2dc28e"},
    {file = "cython-3.2.4-cp314-cp314-manylinux2014_x86_64.manylinux_2_17_x86_64.manylinux_2_28_x86_64.whl", hash = "sha256:90f43be4eaa6afd58ce20d970bb1657a3627c44e1760630b82aa256ba74b4acb"},
    {file = "cython-3.2.4-cp314-cp314-win_amd64.whl", hash = "sha256:983f9d2bb8a896e16fa68f2b37866ded35fa980195eefe62f764ddc5f9f5ef8e"},
    {file = "cython-3.2.4-cp38-cp38-macosx_11_0_arm64.whl", hash = "sha256:55eb425c0baf1c8a46aa4424bc35b709db22f3c8a1de33adb3ecb8a3d54ea42a"},
    {file = "cython-3.2.4-cp38-cp38-manylinux2014_aarch64.manylinux_2_17_aarch64.manylinux_2_28_aarch64.whl", hash = "sha256:f583cad7a7eed109f0babb5035e92d0c1260598f53add626a8568b57246b62c3"},
    {file = "cython-3.2.4-cp38-cp38-manylinux2014_x86_64.manylinux_2_17_x86_64.manylinux_2_28_x86_64.whl", hash = "sha256:72e6c0bbd978e2678b45351395f6825b9b8466095402eae293f4f7a73e9a3e85"},
    {file = "cython-3.2.4-cp38-cp38-win_amd64.whl", hash = "sha256:14dae483ca2838b287085ff98bc206abd7a597b7bb16939a092f8e84d9062842"},
    {file = "cython-3.2.4-cp39-abi3-macosx_10_9_x86_64.whl", hash = "sha256:36bf3f5eb56d5281aafabecbaa6ed288bc11db87547bba4e1e52943ae6961ccf"},
    {file = "cython-3.2.4-cp39-abi3-manylinux1_i686.manylinux_2_28_i686.manylinux_2_5_i686.whl", hash = "sha256:6d5267f22b6451eb1e2e1b88f6f78a2c9c8733a6ddefd4520d3968d26b824581"},
    {file = "cython-3.2.4-cp39-abi3-manylinux2014_armv7l.manylinux_2_17_armv7l.manylinux_2_31_armv7l.whl", hash = "sha256:3b6e58f73a69230218d5381817850ce6d0da5bb7e87eb7d528c7027cbba40b06"},
    {file = "cython-3.2.4-cp39-abi3-musllinux_1_2_aarch64.whl", hash = "sha256:e71efb20048358a6b8ec604a0532961c50c067b5e63e345e2e359fff72feaee8"},
    {file = "cython-3.2.4-cp39-abi3-musllinux_1_2_armv7l.whl", hash = "sha256:28b1e363b024c4b8dcf52ff68125e635cb9cb4b0ba997d628f25e32543a71103"},
    {file = "cython-3.2.4-cp39-abi3-musllinux_1_2_i686.whl", hash = "sha256:31a90b4a2c47bb6d56baeb926948348ec968e932c1ae2c53239164e3e8880ccf"},
    {file = "cython-3.2.4-cp39-abi3-musllinux_1_2_x86_64.whl", hash = "sha256:e65e4773021f8dc8532010b4fbebe782c77f9a0817e93886e518c93bd6a44e9d"},
    {file = "cython-3.2.4-cp39-abi3-win32.whl", hash = "sha256:2b1f12c0e4798293d2754e73cd6f35fa5bbdf072bdc14bc6fc442c059ef2d290"},
    {file = "cython-3.2.4-cp39-abi3-win_arm64.whl", hash = "sha256:3b8e62049afef9da931d55de82d8f46c9a147313b69d5ff6af6e9121d545ce7a"},
    {file = "cython-3.2.4-cp39-cp39-macosx_11_0_arm64.whl", hash = "sha256:f8d685a70bce39acc1d62ec3916d9b724b5ef665b0ce25ae55e1c85ee09747fc"},
    {file = "cython-3.2.4-cp39-cp39-manylinux2014_aarch64.manylinux_2_17_aarch64.manylinux_2_28_aarch64.whl", hash = "sha256:ca578c9cb872c7ecffbe14815dc4590a003bc13339e90b2633540c7e1a252839"},
    {file = "cython-3.2.4-cp39-cp39-manylinux2014_x86_64.manylinux_2_17_x86_64.manylinux_2_28_x86_64.whl", hash = "sha256:b84d4e3c875915545f77c88dba65ad3741afd2431e5cdee6c9a20cefe6905647"},
    {file = "cython-3.2.4-cp39-cp39-win_amd64.whl", hash = "sha256:fdfdd753ad7e18e5092b413e9f542e8d28b8a08203126090e1c15f7783b7fe57"},
    {file = "cython-3.2.4-py3-none-any.whl", hash = "sha256:732fc93bc33ae4b14f6afaca663b916c2fdd5dcbfad7114e17fb2434eeaea45c"},
    {file = "cython-3.2.4.tar.gz", hash = "sha256:84226ecd313b233da27dc2eb3601b4f222b8209c3a7216d8733b031da1dc64e6"},
]

[[package]]
name = "isort"
version = "8.0.1"
description = "A Python utility / library to sort Python imports."
optional = false
python-versions = ">=3.10.0"
groups = ["dev"]
files = [
    {file = "isort-8.0.1-py3-none-any.whl", hash = "sha256:28b89bc70f751b559aeca209e6120393d43fbe2490de0559662be7a9787e3d75"},
    {file = "isort-8.0.1.tar.gz", hash = "sha256:171ac4ff559cdc060bcfff550bc8404a486fee0caab245679c2abe7cb253c78d"},
]

[package.extras]
colors = ["colorama"]

[[package]]
name = "mpi4py"
version = "4.1.1"
description = "Python bindings for MPI"
optional = false
python-versions = ">=3.8"
groups = ["dev"]
files = [
    {file = "mpi4py-4.1.1-cp310-abi3-macosx_10_9_x86_64.whl", hash = "sha256:1586f5d1557abed9cba7e984d18f32e787b353be0986e599974db177ae36329a"},
    {file = "mpi4py-4.1.1-cp310-abi3-macosx_11_0_arm64.whl", hash = "sha256:ba85e4778d63c750226de95115c92b709f38d7e661be660a275da4f0992ee197"},
    {file = "mpi4py-4.1.1-cp310-abi3-manylinux1_x86_64.manylinux_2_5_x86_64.whl", hash = "sha256:0a8332884626994d9ef48da233dc7a0355f4868dd7ff59f078d5813a2935b930"},
    {file = "mpi4py-4.1.1-cp310-abi3-manylinux2014_aarch64.manylinux_2_17_aarch64.whl", hash = "sha256:6e0352860f0b3e18bc0dcb47e42e583ccb9472f89752d711a6fca46a38670554"},
    {file = "mpi4py-4.1.1-cp310-abi3-win_amd64.whl", hash = "sha256:0f46dfe666a599e4bd2641116b2b4852a3ed9d37915edf98fae471d666663128"},
    {file = "mpi4py-4.1.1-cp310-cp310-macosx_10_9_x86_64.whl", hash = "sha256:9082e04c8afcffa7d650a262d800af1a617c555d610810deeab265a4a5f7d42e"},
    {file = "mpi4py-4.1.1-cp310-cp310-macosx_11_0_arm64.whl", hash = "sha256:1d618e6a5a8f6f86c33a954356d8ed398bec31f34b63321570661ac157063bb6"},
    {file = "mpi4py-4.1.1-cp310-cp310-manylinux1_x86_64.manylinux_2_5_x86_64.whl", hash = "sha256:d4c460609bd6decc22ad89cbfe48e4c5a2461ff52ada9345a4c19edee39f93da"},
    {file = "mpi4py-4.1.1-cp310-cp310-manylinux2014_aarch64.manylinux_2_17_aarch64.whl", hash = "sha256:c04a388c7a945e751c82742c6bb277434d26a67768a01952f7494d1c25dff94b"},
    {file = "mpi4py-4.1.1-cp310-cp310-win_amd64.whl", hash = "sha256:1ad4b225a5a1a02a2b89979ed8f328c6a2bc3bd6ad4a57e453727f90373fa5f8"},
    {file = "mpi4py-4.1.1-cp311-cp311-macosx_10_9_x86_64.whl", hash = "sha256:a428ba96b992a8911cf932fa71dd8c0260d47ab7e5dee2b09239ad91fc540b79"},
    {file = "mpi4py-4.1.1-cp311-cp311-macosx_11_0_arm64.whl", hash = "sha256:fc0cf81445fac2ae2e5716c365fd72e1bb545df065f5a3f6731f64b3beed886e"},
    {file = "mpi4py-4.1.1-cp311-cp311-manylinux1_x86_64.manylinux_2_5_x86_64.whl", hash = "sha256:a753d5d61b46f90260247f344a6c57c527a6a4e7bea126830120ab41c3d057e5"},
    {file = "mpi4py-4.1.1-cp311-cp311-manylinux2014_aarch64.manylinux_2_17_aarch64.whl", hash = "sha256:4a36ef9d7b2b6b62026dbf9b59b44efb5430f7b9ca5fb855bfbf8d403218e37c"},
    {file = "mpi4py-4.1.1-cp311-cp311-win_amd64.whl", hash = "sha256:20bf4c0c65fd67287664f8b1b6dc7c7b341838f10bba34a2e452d47530ce8a5f"},
    {file = "mpi4py-4.1.1-cp312-cp312-macosx_10_13_x86_64.whl", hash = "sha256:d4403a7cec985be9963efc626193e6df3f63f5ada0c26373c28e640e623e56c3"},
    {file = "mpi4py-4.1.1-cp312-cp312-macosx_11_0_arm64.whl", hash = "sha256:8a2ffccc9f3a8c7c957403faad594d650c60234ac08cbedf45beaa96602debe9"},
    {file = "mpi4py-4.1.1-cp312-cp312-manylinux1_x86_64.manylinux_2_5_x86_64.whl", hash = "sha256:ed3d9b619bf197a290f7fd67eb61b1c2a5c204afd9621651a50dc0b1c1280d45"},
    {file = "mpi4py-4.1.1-cp312-cp312-manylinux2014_aarch64.manylinux_2_17_aarch64.whl", hash = "sha256:0699c194db5d95fc2085711e4e0013083bd7ae9a88438e1fd64ddb67e9b0cf9e"},
    {file = "mpi4py-4.1.1-cp312-cp312-win_amd64.whl", hash = "sha256:0abf5490c3d49c30542b461bfc5ad88dd7d147a4bdb456b7163640577fdfef88"},
    {file = "mpi4py-4.1.1-cp313-cp313-macosx_10_13_x86_64.whl", hash = "sha256:f3dd973c509f2dbb6904c035a4a071509cde98decf0528fa21e2e7d5db5cc988"},
    {file = "mpi4py-4.1.1-cp313-cp313-macosx_11_0_arm64.whl", hash = "sha256:c8c83a359e62dd7fdd030360f430e0e8986df029c0953ab216ff97a110038dc4"},
    {file = "mpi4py-4.1.1-cp313-cp313-manylinux1_x86_64.manylinux_2_5_x86_64.whl", hash = "sha256:323ba354ba951c7736c033c5f2ad07bb1276f9696f0312ea6ff0a28cd0ab3e3d"},
    {file = "mpi4py-4.1.1-cp313-cp313-manylinux2014_aarch64.manylinux_2_17_aarch64.whl", hash = "sha256:8c4ef9fe5fb211b1c5b6afe521397e3feb01e104024d6bc37aa4289c370605e2"},
    {file = "mpi4py-4.1.1-cp313-cp313-win_amd64.whl", hash = "sha256:e13a1ba26604514a12c95b7d76058ce800d5740d5f5f3b50c4b782cfa0dfaa1f"},
    {file = "mpi4py-4.1.1-cp313-cp313t-macosx_10_13_x86_64.whl", hash = "sha256:28ce1f7412f5e99a6b9fe2547203633431d0ee45670413a475a07e6c785e63b1"},
    {file = "mpi4py-4.1.1-cp313-cp313t-macosx_11_0_arm64.whl", hash = "sha256:dd1e49b84a0651018517e87daf68085719eca25e5c9a7cd05d98a73418c88836"},
    {file = "mpi4py-4.1.1-cp313-cp313t-manylinux1_x86_64.manylinux_2_5_x86_64.whl", hash = "sha256:dd869ea7758b591ffbb1483588a6fbf84952a5090e80a45ea89674d55cf25f3b"},
    {file = "mpi4py-4.1.1-cp313-cp313t-manylinux2014_aarch64.manylinux_2_17_aarch64.whl", hash = "sha256:475da0797442cba723c0ad37da6a1c51d9624e697dd8bf89f23d0fad81e73eda"},
    {file = "mpi4py-4.1.1-cp313-cp313t-win_amd64.whl", hash = "sha256:8d3bfa074776d9507ee957f5230d11ecd03da23f601a85349a1a333eaf55e5fa"},
    {file = "mpi4py-4.1.1-cp314-cp314-macosx_10_13_x86_64.whl", hash = "sha256:1deb6f9df28ec6972305287cb2035c20d3f5af59f687f962080756374c16e48f"},
    {file = "mpi4py-4.1.1-cp314-cp314-macosx_11_0_arm64.whl", hash = "sha256:1bb1e3ad0b9047b0dbc7b4014160a7ab2a84f1627be665527c7445fc312f189b"},
    {file = "mpi4py-4.1.1-cp314-cp314-manylinux1_x86_64.manylinux_2_5_x86_64.whl", hash = "sha256:5f757e3089abf2c9db69fac1665fa99c52ed392fdf799159f25cba9ee3b64f5a"},
    {file = "mpi4py-4.1.1-cp314-cp314-manylinux2014_aarch64.manylinux_2_17_aarch64.whl", hash = "sha256:807c6f1ed3adbc12952db52127e34cfbd6c48a05c3b3dd59deee2d2f09d78888"},
    {file = "mpi4py-4.1.1-cp314-cp314-win_amd64.whl", hash = "sha256:2c85983d38d77e6302a242e32afd2a9a9b3adedd770e199a38e5b8957150e7ac"},
    {file = "mpi4py-4.1.1-cp314-cp314t-macosx_10_13_x86_64.whl", hash = "sha256:729c4f625ad60e5cfb6c260608d249dc35a33cc16605faff01c6adbbd7e8ce0f"},
    {file = "mpi4py-4.1.1-cp314-cp314t-macosx_11_0_arm64.whl", hash = "sha256:3cca235d46009f54cb319c779c6ac53d41ce1eee3cf07f157995bc7739329b97"},
    {file = "mpi4py-4.1.1-cp314-cp314t-manylinux1_x86_64.manylinux_2_5_x86_64.whl", hash = "sha256:2580fab891db492f32a6e02717e824f6fd5588be6560b08627c1e9322f7ccbfb"},
    {file = "mpi4py-4.1.1-cp314-cp314t-manylinux2014_aarch64.manylinux_2_17_aarch64.whl", hash = "sha256:6beec4841f9436d49ec9cabfd76a19df61c10b21ca14eddafa58fe7977802ee7"},
    {file = "mpi4py-4.1.1-cp314-cp314t-win_amd64.whl", hash = "sha256:b4b3813da9a7a1fc37ffb8dad314cb396313a40cd3fe150854ab29e999a9eb8c"},
    {file = "mpi4py-4.1.1-cp38-cp38-macosx_10_9_x86_64.whl", hash = "sha256:1f268af2bd476013e4a3de55d4c6baf3494be65a5214f2b6fa0842a21164082a"},
    {file = "mpi4py-4.1.1-cp38-cp38-macosx_11_0_arm64.whl", hash = "sha256:d2cf47d511cd6518a37c72861e3043810d02ee4a9e33292275d1ea5d474866a1"},
    {file = "mpi4py-4.1.1-cp38-cp38-manylinux1_x86_64.manylinux_2_5_x86_64.whl", hash = "sha256:2b3539be1173672c20cd378997e91e5290bd6847d03503bdd4c4716fa525258f"},
    {file = "mpi4py-4.1.1-cp38-cp38-manylinux2014_aarch64.manylinux_2_17_aarch64.whl", hash = "sha256:0a5634b0a115d7e2b84a05c7c5495d0093dfa855cc18a85cb50045ecbb2e766e"},
    {file = "mpi4py-4.1.1-cp38-cp38-win_amd64.whl", hash = "sha256:20624f69a77369dd18d1b2af8c7107274a2263613111d5191df4af0fd08fd699"},
    {file = "mpi4py-4.1.1-cp39-cp39-macosx_10_9_x86_64.whl", hash = "sha256:f1e0a6403ab921265d1e86d45c2996360d30fa7ad9a12de092ebc78ec8ec990c"},
    {file = "mpi4py-4.1.1-cp39-cp39-macosx_11_0_arm64.whl", hash = "sha256:391a9931a8f5fc532fc9178a5357212ba3a6dc8cca59284d47dc4b7c588a7268"},
    {file = "mpi4py-4.1.1-cp39-cp39-manylinux1_x86_64.manylinux_2_5_x86_64.whl", hash = "sha256:45dfcc6ef235203cb192912b1a3f1fea741f94fff713db1bdb716e8c7897d823"},
    {file = "mpi4py-4.1.1-cp39-cp39-manylinux2014_aarch64.manylinux_2_17_aarch64.whl", hash = "sha256:9c87127dceb2b46b7c99115dbf9de65535cecd77d5cb274bcfdc79fa07420fd9"},
    {file = "mpi4py-4.1.1-cp39-cp39-win_amd64.whl", hash = "sha256:5a03993a1c08d68fe0b18ecdb3d13ab821ee2c2fda7c24bdb66a72329977249e"},
    {file = "mpi4py-4.1.1-pp311-pypy311_pp73-macosx_10_15_x86_64.whl", hash = "sha256:95bb98d946eb88c9ae4dc6c42d11b3af8ce6b91e644c288cc3f85ec7596ffcd3"},
    {file = "mpi4py-4.1.1-pp311-pypy311_pp73-macosx_11_0_arm64.whl", hash = "sha256:84e9eb2e609b0b94cd0e9a3e3b57d897f748fb0207c4f72e81e5a95aba033767"},
    {file = "mpi4py-4.1.1-pp311-pypy311_pp73-manylinux1_x86_64.manylinux_2_5_x86_64.whl", hash = "sha256:027b1a1ff9d57afed10af6b79041b95f85fd11b2af74e4c34ef4866ce81ecc24"},
    {file = "mpi4py-4.1.1-pp311-pypy311_pp73-manylinux2014_aarch64.manylinux_2_17_aarch64.whl", hash = "sha256:c1191856906967a48fdcc484b326c179747e68c186261d76480a75156bcc73bf"},
    {file = "mpi4py-4.1.1-pp311-pypy311_pp73-win_amd64.whl", hash = "sha256:189d49b0ae963f8f6f5dd8ed0f5f37923285c97bc725476990ec0556972bb4b2"},
    {file = "mpi4py-4.1.1.tar.gz", hash = "sha256:eb2c8489bdbc47fdc6b26ca7576e927a11b070b6de196a443132766b3d0a2a22"},
]

[[package]]
name = "pastel"
version = "0.2.1"
description = "Bring colors to your terminal."
optional = false
python-versions = ">=2.7, !=3.0.*, !=3.1.*, !=3.2.*, !=3.3.*"
groups = ["dev"]
files = [
    {file = "pastel-0.2.1-py2.py3-none-any.whl", hash = "sha256:4349225fcdf6c2bb34d483e523475de5bb04a5c10ef711263452cb37d7dd4364"},
    {file = "pastel-0.2.1.tar.gz", hash = "sha256:e6581ac04e973cac858828c6202c1e1e81fee1dc7de7683f3e1ffe0bfd8a573d"},
]

[[package]]
name = "poethepoet"
version = "0.42.1"
description = "A task runner that works well with poetry and uv."
optional = false
python-versions = ">=3.10"
groups = ["dev"]
files = [
    {file = "poethepoet-0.42.1-py3-none-any.whl", hash = "sha256:d8d1345a5ca521be9255e7c13bc2c4c8698ed5e5ac5e9e94890d239fcd423d0a"},
    {file = "poethepoet-0.42.1.tar.gz", hash = "sha256:205747e276062c2aaba8afd8a98838f8a3a0237b7ab94715fab8d82718aac14f"},
]

[package.dependencies]
pastel = ">=0.2.1,<0.3.0"
pyyaml = ">=6.0.3,<7.0"

[package.extras]
poetry-plugin = ["poetry (>=1.2.0,<3.0.0) ; python_version < \"4.0\""]

[[package]]
name = "pyyaml"
version = "6.0.3"
description = "YAML parser and emitter for Python"
optional = false
python-versions = ">=3.8"
groups = ["dev"]
files = [
    {file = "PyYAML-6.0.3-cp38-cp38-macosx_10_13_x86_64.whl", hash = "sha256:c2514fceb77bc5e7a2f7adfaa1feb2fb311607c9cb518dbc378688ec73d8292f"},
    {file = "PyYAML-6.0.3-cp38-cp38-manylinux2014_aarch64.manylinux_2_17_aarch64.manylinux_2_28_aarch64.whl", hash = "sha256:9c57bb8c96f6d1808c030b1687b9b5fb476abaa47f0db9c0101f5e9f394e97f4"},
    {file = "PyYAML-6.0.3-cp38-cp38-manylinux2014_s390x.manylinux_2_17_s390x.manylinux_2_28_s390x.whl", hash = "sha256:efd7b85f94a6f21e4932043973a7ba2613b059c4a000551892ac9f1d11f5baf3"},
    {file = "PyYAML-6.0.3-cp38-cp38-manylinux2014_x86_64.manylinux_2_17_x86_64.manylinux_2_28_x86_64.whl", hash = "sha256:22ba7cfcad58ef3ecddc7ed1db3409af68d023b7f940da23c6c2a1890976eda6"},
    {file = "PyYAML-6.0.3-cp38-cp38-musllinux_1_2_x86_64.whl", hash = "sha256:6344df0d5755a2c9a276d4473ae6b90647e216ab4757f8426893b5dd2ac3f369"},
    {file = "PyYAML-6.0.3-cp38-cp38-win32.whl", hash = "sha256:3ff07ec89bae51176c0549bc4c63aa6202991da2d9a6129d7aef7f1407d3f295"},
    {file = "PyYAML-6.0.3-cp38-cp38-win_amd64.whl", hash = "sha256:5cf4e27da7e3fbed4d6c3d8e797387aaad68102272f8f9752883bc32d61cb87b"},
    {file = "pyyaml-6.0.3-cp310-cp310-macosx_10_13_x86_64.whl", hash = "sha256:214ed4befebe12df36bcc8bc2b64b396ca31be9304b8f59e25c11cf94a4c033b"},
    {file = "pyyaml-6.0.3-cp310-cp310-macosx_11_0_arm64.whl", hash = "sha256:02ea2dfa234451bbb8772601d7b8e426c2bfa197136796224e50e35a78777956"},
    {file = "pyyaml-6.0.3-cp310-cp310-manylinux2014_aarch64.manylinux_2_17_aarch64.manylinux_2_28_aarch64.whl", hash = "sha256:b30236e45cf30d2b8e7b3e85881719e98507abed1011bf463a8fa23e9c3e98a8"},
    {file = "pyyaml-6.0.3-cp310-cp310-manylinux2014_s390x.manylinux_2_17_s390x.manylinux_2_28_s390x.whl", hash = "sha256:66291b10affd76d76f54fad28e22e51719ef9ba22b29e1d7d03d6777a9174198"},
    {file = "pyyaml-6.0.3-cp310-cp310-manylinux2014_x86_64.manylinux_2_17_x86_64.manylinux_2_28_x86_64.whl", hash = "sha256:9c7708761fccb9397fe64bbc0395abcae8c4bf7b0eac081e12b809bf47700d0b"},
    {file = "pyyaml-6.0.3-cp310-cp310-musllinux_1_2_aarch64.whl", hash = "sha256:418cf3f2111bc80e0933b2cd8cd04f286338bb88bdc7bc8e6dd775ebde60b5e0"},
    {file = "pyyaml-6.0.3-cp310-cp310-musllinux_1_2_x86_64.whl", hash = "sha256:5e0b74767e5f8c593e8c9b5912019159ed0533c70051e9cce3e8b6aa699fcd69"},
    {file = "pyyaml-6.0.3-cp310-cp310-win32.whl", hash = "sha256:28c8d926f98f432f88adc23edf2e6d4921ac26fb084b028c733d01868d19007e"},
    {file = "pyyaml-6.0.3-cp310-cp310-win_amd64.whl", hash = "sha256:bdb2c67c6c1390b63c6ff89f210c8fd09d9a1217a465701eac7316313c915e4c"},
    {file = "pyyaml-6.0.3-cp311-cp311-macosx_10_13_x86_64.whl", hash = "sha256:44edc647873928551a01e7a563d7452ccdebee747728c1080d881d68af7b997e"},
    {file = "pyyaml-6.0.3-cp311-cp311-macosx_11_0_arm64.whl", hash = "sha256:652cb6edd41e718550aad172851962662ff2681490a8a711af6a4d288dd96824"},
    {file = "pyyaml-6.0.3-cp311-cp311-manylinux2014_aarch64.manylinux_2_17_aarch64.manylinux_2_28_aarch64.whl", hash = "sha256:10892704fc220243f5305762e276552a0395f7beb4dbf9b14ec8fd43b57f126c"},
    {file = "pyyaml-6.0.3-cp311-cp311-manylinux2014_s390x.manylinux_2_17_s390x.manylinux_2_28_s390x.whl", hash = "sha256:850774a7879607d3a6f50d36d04f00ee69e7fc816450e5f7e58d7f17f1ae5c00"},
    {file = "pyyaml-6.0.3-cp311-cp311-manylinux2014_x86_64.manylinux_2_17_x86_64.manylinux_2_28_x86_64.whl", hash = "sha256:b8bb0864c5a28024fac8a632c443c87c5aa6f215c0b126c449ae1a150412f31d"},
    {file = "pyyaml-6.0.3-cp311-cp311-musllinux_1_2_aarch64.whl", hash = "sha256:1d37d57ad971609cf3c53ba6a7e365e40660e3be0e5175fa9f2365a379d6095a"},
    {file = "pyyaml-6.0.3-cp311-cp311-musllinux_1_2_x86_64.whl", hash = "sha256:37503bfbfc9d2c40b344d06b2199cf0e96e97957ab1c1b546fd4f87e53e5d3e4"},
    {file = "pyyaml-6.0.3-cp311-cp311-win32.whl", hash = "sha256:8098f252adfa6c80ab48096053f512f2321f0b998f98150cea9bd23d83e1467b"},
    {file = "pyyaml-6.0.3-cp311-cp311-win_amd64.whl", hash = "sha256:9f3bfb4965eb874431221a3ff3fdcddc7e74e3b07799e0e84ca4a0f867d449bf"},
    {file = "pyyaml-6.0.3-cp312-cp312-macosx_10_13_x86_64.whl", hash = "sha256:7f047e29dcae44602496db43be01ad42fc6f1cc0d8cd6c83d342306c32270196"},
    {file = "pyyaml-6.0.3-cp312-cp312-macosx_11_0_arm64.whl", hash = "sha256:fc09d0aa354569bc501d4e787133afc08552722d3ab34836a80547331bb5d4a0"},
    {file = "pyyaml-6.0.3-cp312-cp312-manylinux2014_aarch64.manylinux_2_17_aarch64.manylinux_2_28_aarch64.whl", hash = "sha256:9149cad251584d5fb4981be1ecde53a1ca46c891a79788c0df828d2f166bda28"},
    {file = "pyyaml-6.0.3-cp312-cp312-manylinux2014_s390x.manylinux_2_17_s390x.manylinux_2_28_s390x.whl", hash = "sha256:5fdec68f91a0c6739b380c83b951e2c72ac0197ace422360e6d5a959d8d97b2c"},
    {file = "pyyaml-6.0.3-cp312-cp312-manylinux2014_x86_64.manylinux_2_17_x86_64.manylinux_2_28_x86_64.whl", hash = "sha256:ba1cc08a7ccde2d2ec775841541641e4548226580ab850948cbfda66a1befcdc"},
    {file = "pyyaml-6.0.3-cp312-cp312-musllinux_1_2_aarch64.whl", hash = "sha256:8dc52c23056b9ddd46818a57b78404882310fb473d63f17b07d5c40421e47f8e"},
    {file = "pyyaml-6.0.3-cp312-cp312-musllinux_1_2_x86_64.whl", hash = "sha256:41715c910c881bc081f1e8872880d3c650acf13dfa8214bad49ed4cede7c34ea"},
    {file = "pyyaml-6.0.3-cp312-cp312-win32.whl", hash = "sha256:96b533f0e99f6579b3d4d4995707cf36df9100d67e0c8303a0c55b27b5f99bc5"},
    {file = "pyyaml-6.0.3-cp312-cp312-win_amd64.whl", hash = "sha256:5fcd34e47f6e0b794d17de1b4ff496c00986e1c83f7ab2fb8fcfe9616ff7477b"},
    {file = "pyyaml-6.0.3-cp312-cp312-win_arm64.whl", hash = "sha256:64386e5e707d03a7e172c0701abfb7e10f0fb753ee1d773128192742712a98fd"},
    {file = "pyyaml-6.0.3-cp313-cp313-macosx_10_13_x86_64.whl", hash = "sha256:8da9669d359f02c0b91ccc01cac4a67f16afec0dac22c2ad09f46bee0697eba8"},
    {file = "pyyaml-6.0.3-cp313-cp313-macosx_11_0_arm64.whl", hash = "sha256:2283a07e2c21a2aa78d9c4442724ec1eb15f5e42a723b99cb3d822d48f5f7ad1"},
    {file = "pyyaml-6.0.3-cp313-cp313-manylinux2014_aarch64.manylinux_2_17_aarch64.manylinux_2_28_aarch64.whl", hash = "sha256:ee2922902c45ae8ccada2c5b501ab86c36525b883eff4255313a253a3160861c"},
    {file = "pyyaml-6.0.3-cp313-cp313-manylinux2014_s390x.manylinux_2_17_s390x.manylinux_2_28_s390x.whl", hash = "sha256:a33284e20b78bd4a18c8c2282d549d10bc8408a2a7ff57653c0cf0b9be0afce5"},
    {file = "pyyaml-6.0.3-cp313-cp313-manylinux2014_x86_64.manylinux_2_17_x86_64.manylinux_2_28_x86_64.whl", hash = "sha256:0f29edc409a6392443abf94b9cf89ce99889a1dd5376d94316ae5145dfedd5d6"},
    {file = "pyyaml-6.0.3-cp313-cp313-musllinux_1_2_aarch64.whl", hash = "sha256:f7057c9a337546edc7973c0d3ba84ddcdf0daa14533c2065749c9075001090e6"},
    {file = "pyyaml-6.0.3-cp313-cp313-musllinux_1_2_x86_64.whl", hash = "sha256:eda16858a3cab07b80edaf74336ece1f986ba330fdb8ee0d6c0d68fe82bc96be"},
    {file = "pyyaml-6.0.3-cp313-cp313-win32.whl", hash = "sha256:d0eae10f8159e8fdad514efdc92d74fd8d682c933a6dd088030f3834bc8e6b26"},
    {file = "pyyaml-6.0.3-cp313-cp313-win_amd64.whl", hash = "sha256:79005a0d97d5ddabfeeea4cf676af11e647e41d81c9a7722a193022accdb6b7c"},
    {file = "pyyaml-6.0.3-cp313-cp313-win_arm64.whl", hash = "sha256:5498cd1645aa724a7c71c8f378eb29ebe23da2fc0d7a08071d89469bf1d2defb"},
    {file = "pyyaml-6.0.3-cp314-cp314-macosx_10_13_x86_64.whl", hash = "sha256:8d1fab6bb153a416f9aeb4b8763bc0f22a5586065f86f7664fc23339fc1c1fac"},
    {file = "pyyaml-6.0.3-cp314-cp314-macosx_11_0_arm64.whl", hash = "sha256:34d5fcd24b8445fadc33f9cf348c1047101756fd760b4dacb5c3e99755703310"},
    {file = "pyyaml-6.0.3-cp314-cp314-manylinux2014_aarch64.manylinux_2_17_aarch64.manylinux_2_28_aarch64.whl", hash = "sha256:501a031947e3a9025ed4405a168e6ef5ae3126c59f90ce0cd6f2bfc477be31b7"},
    {file = "pyyaml-6.0.3-cp314-cp314-manylinux2014_s390x.manylinux_2_17_s390x.manylinux_2_28_s390x.whl", hash = "sha256:b3bc83488de33889877a0f2543ade9f70c67d66d9ebb4ac959502e12de895788"},
    {file = "pyyaml-6.0.3-cp314-cp314-manylinux2014_x86_64.manylinux_2_17_x86_64.manylinux_2_28_x86_64.whl", hash = "sha256:c458b6d084f9b935061bc36216e8a69a7e293a2f1e68bf956dcd9e6cbcd143f5"},
    {file = "pyyaml-6.0.3-cp314-cp314-musllinux_1_2_aarch64.whl", hash = "sha256:7c6610def4f163542a622a73fb39f534f8c101d690126992300bf3207eab9764"},
    {file = "pyyaml-6.0.3-cp314-cp314-musllinux_1_2_x86_64.whl", hash = "sha256:5190d403f121660ce8d1d2c1bb2ef1bd05b5f68533fc5c2ea899bd15f4399b35"},
    {file = "pyyaml-6.0.3-cp314-cp314-win_amd64.whl", hash = "sha256:4a2e8cebe2ff6ab7d1050ecd59c25d4c8bd7e6f400f5f82b96557ac0abafd0ac"},
    {file = "pyyaml-6.0.3-cp314-cp314-win_arm64.whl", hash = "sha256:93dda82c9c22deb0a405ea4dc5f2d0cda384168e466364dec6255b293923b2f3"},
    {file = "pyyaml-6.0.3-cp314-cp314t-macosx_10_13_x86_64.whl", hash = "sha256:02893d100e99e03eda1c8fd5c441d8c60103fd175728e23e431db1b589cf5ab3"},
    {file = "pyyaml-6.0.3-cp314-cp314t-macosx_11_0_arm64.whl", hash = "sha256:c1ff362665ae507275af2853520967820d9124984e0f7466736aea23d8611fba"},
    {file = "pyyaml-6.0.3-cp314-cp314t-manylinux2014_aarch64.manylinux_2_17_aarch64.manylinux_2_28_aarch64.whl", hash = "sha256:6adc77889b628398debc7b65c073bcb99c4a0237b248cacaf3fe8a557563ef6c"},
    {file = "pyyaml-6.0.3-cp314-cp314t-manylinux2014_s390x.manylinux_2_17_s390x.manylinux_2_28_s390x.whl", hash = "sha256:a80cb027f6b349846a3bf6d73b5e95e782175e52f22108cfa17876aaeff93702"},
    {file = "pyyaml-6.0.3-cp314-cp314t-manylinux2014_x86_64.manylinux_2_17_x86_64.manylinux_2_28_x86_64.whl", hash = "sha256:00c4bdeba853cc34e7dd471f16b4114f4162dc03e6b7afcc2128711f0eca823c"},
    {file = "pyyaml-6.0.3-cp314-cp314t-musllinux_1_2_aarch64.whl", hash = "sha256:66e1674c3ef6f541c35191caae2d429b967b99e02040f5ba928632d9a7f0f065"},
    {file = "pyyaml-6.0.3-cp314-cp314t-musllinux_1_2_x86_64.whl", hash = "sha256:16249ee61e95f858e83976573de0f5b2893b3677ba71c9dd36b9cf8be9ac6d65"},
    {file = "pyyaml-6.0.3-cp314-cp314t-win_amd64.whl", hash = "sha256:4ad1906908f2f5ae4e5a8ddfce73c320c2a1429ec52eafd27138b7f1cbe341c9"},
    {file = "pyyaml-6.0.3-cp314-cp314t-win_arm64.whl", hash = "sha256:ebc55a14a21cb14062aa4162f906cd962b28e2e9ea38f9b4391244cd8de4ae0b"},
    {file = "pyyaml-6.0.3-cp39-cp39-macosx_10_13_x86_64.whl", hash = "sha256:b865addae83924361678b652338317d1bd7e79b1f4596f96b96c77a5a34b34da"},
    {file = "pyyaml-6.0.3-cp39-cp39-macosx_11_0_arm64.whl", hash = "sha256:c3355370a2c156cffb25e876646f149d5d68f5e0a3ce86a5084dd0b64a994917"},
    {file = "pyyaml-6.0.3-cp39-cp39-manylinux2014_aarch64.manylinux_2_17_aarch64.manylinux_2_28_aarch64.whl", hash = "sha256:3c5677e12444c15717b902a5798264fa7909e41153cdf9ef7ad571b704a63dd9"},
    {file = "pyyaml-6.0.3-cp39-cp39-manylinux2014_s390x.manylinux_2_17_s390x.manylinux_2_28_s390x.whl", hash = "sha256:5ed875a24292240029e4483f9d4a4b8a1ae08843b9c54f43fcc11e404532a8a5"},
    {file = "pyyaml-6.0.3-cp39-cp39-manylinux2014_x86_64.manylinux_2_17_x86_64.manylinux_2_28_x86_64.whl", hash = "sha256:0150219816b6a1fa26fb4699fb7daa9caf09eb1999f3b70fb6e786805e80375a"},
    {file = "pyyaml-6.0.3-cp39-cp39-musllinux_1_2_aarch64.whl", hash = "sha256:fa160448684b4e94d80416c0fa4aac48967a969efe22931448d853ada8baf926"},
    {file = "pyyaml-6.0.3-cp39-cp39-musllinux_1_2_x86_64.whl", hash = "sha256:27c0abcb4a5dac13684a37f76e701e054692a9b2d3064b70f5e4eb54810553d7"},
    {file = "pyyaml-6.0.3-cp39-cp39-win32.whl", hash = "sha256:1ebe39cb5fc479422b83de611d14e2c0d3bb2a18bbcb01f229ab3cfbd8fee7a0"},
    {file = "pyyaml-6.0.3-cp39-cp39-win_amd64.whl", hash = "sha256:2e71d11abed7344e42a8849600193d15b6def118602c4c176f748e4583246007"},
    {file = "pyyaml-6.0.3.tar.gz", hash = "sha256:d76623373421df22fb4cf8817020cbb7ef15c725b9d5e45f17e189bfc384190f"},
]

[[package]]
name = "ruff"
version = "0.15.4"
description = "An extremely fast Python linter and code formatter, written in Rust."
optional = false
python-versions = ">=3.7"
groups = ["dev"]
files = [
    {file = "ruff-0.15.4-py3-none-linux_armv6l.whl", hash = "sha256:a1810931c41606c686bae8b5b9a8072adac2f611bb433c0ba476acba17a332e0"},
    {file = "ruff-0.15.4-py3-none-macosx_10_12_x86_64.whl", hash = "sha256:5a1632c66672b8b4d3e1d1782859e98d6e0b4e70829530666644286600a33992"},
    {file = "ruff-0.15.4-py3-none-macosx_11_0_arm64.whl", hash = "sha256:a4386ba2cd6c0f4ff75252845906acc7c7c8e1ac567b7bc3d373686ac8c222ba"},
    {file = "ruff-0.15.4-py3-none-manylinux_2_17_aarch64.manylinux2014_aarch64.whl", hash = "sha256:b2496488bdfd3732747558b6f95ae427ff066d1fcd054daf75f5a50674411e75"},
    {file = "ruff-0.15.4-py3-none-manylinux_2_17_armv7l.manylinux2014_armv7l.whl", hash = "sha256:3f1c4893841ff2d54cbda1b2860fa3260173df5ddd7b95d370186f8a5e66a4ac"},
    {file = "ruff-0.15.4-py3-none-manylinux_2_17_i686.manylinux2014_i686.whl", hash = "sha256:820b8766bd65503b6c30aaa6331e8ef3a6e564f7999c844e9a547c40179e440a"},
    {file = "ruff-0.15.4-py3-none-manylinux_2_17_ppc64le.manylinux2014_ppc64le.whl", hash = "sha256:c9fb74bab47139c1751f900f857fa503987253c3ef89129b24ed375e72873e85"},
    {file = "ruff-0.15.4-py3-none-manylinux_2_17_s390x.manylinux2014_s390x.whl", hash = "sha256:f80c98765949c518142b3a50a5db89343aa90f2c2bf7799de9986498ae6176db"},
    {file = "ruff-0.15.4-py3-none-manylinux_2_17_x86_64.manylinux2014_x86_64.whl", hash = "sha256:451a2e224151729b3b6c9ffb36aed9091b2996fe4bdbd11f47e27d8f2e8888ec"},
    {file = "ruff-0.15.4-py3-none-manylinux_2_31_riscv64.whl", hash = "sha256:a8f157f2e583c513c4f5f896163a93198297371f34c04220daf40d133fdd4f7f"},
    {file = "ruff-0.15.4-py3-none-musllinux_1_2_aarch64.whl", hash = "sha256:917cc68503357021f541e69b35361c99387cdbbf99bd0ea4aa6f28ca99ff5338"},
    {file = "ruff-0.15.4-py3-none-musllinux_1_2_armv7l.whl", hash = "sha256:e9737c8161da79fd7cfec19f1e35620375bd8b2a50c3e77fa3d2c16f574105cc"},
    {file = "ruff-0.15.4-py3-none-musllinux_1_2_i686.whl", hash = "sha256:291258c917539e18f6ba40482fe31d6f5ac023994ee11d7bdafd716f2aab8a68"},
    {file = "ruff-0.15.4-py3-none-musllinux_1_2_x86_64.whl", hash = "sha256:3f83c45911da6f2cd5936c436cf86b9f09f09165f033a99dcf7477e34041cbc3"},
    {file = "ruff-0.15.4-py3-none-win32.whl", hash = "sha256:65594a2d557d4ee9f02834fcdf0a28daa8b3b9f6cb2cb93846025a36db47ef22"},
    {file = "ruff-0.15.4-py3-none-win_amd64.whl", hash = "sha256:04196ad44f0df220c2ece5b0e959c2f37c777375ec744397d21d15b50a75264f"},
    {file = "ruff-0.15.4-py3-none-win_arm64.whl", hash = "sha256:60d5177e8cfc70e51b9c5fad936c634872a74209f934c1e79107d11787ad5453"},
    {file = "ruff-0.15.4.tar.gz", hash = "sha256:3412195319e42d634470cc97aa9803d07e9d5c9223b99bcb1518f0c725f26ae1"},
]

[[package]]
name = "setuptools"
version = "82.0.0"
description = "Easily download, build, install, upgrade, and uninstall Python packages"
optional = false
python-versions = ">=3.9"
groups = ["dev"]
files = [
    {file = "setuptools-82.0.0-py3-none-any.whl", hash = "sha256:70b18734b607bd1da571d097d236cfcfacaf01de45717d59e6e04b96877532e0"},
    {file = "setuptools-82.0.0.tar.gz", hash = "sha256:22e0a2d69474c6ae4feb01951cb69d515ed23728cf96d05513d36e42b62b37cb"},
]

[package.extras]
check = ["pytest-checkdocs (>=2.4)", "pytest-ruff (>=0.2.1) ; sys_platform != \"cygwin\"", "ruff (>=0.13.0) ; sys_platform != \"cygwin\""]
core = ["importlib_metadata (>=6) ; python_version < \"3.10\"", "jaraco.functools (>=4)", "jaraco.text (>=3.7)", "more_itertools", "more_itertools (>=8.8)", "packaging (>=24.2)", "platformdirs (>=4.2.2)", "tomli (>=2.0.1) ; python_version < \"3.11\"", "wheel (>=0.43.0)"]
cover = ["pytest-cov"]
doc = ["furo", "jaraco.packaging (>=9.3)", "jaraco.tidelift (>=1.4)", "pygments-github-lexers (==0.0.5)", "pyproject-hooks (!=1.1)", "rst.linker (>=1.9)", "sphinx (>=3.5)", "sphinx-favicon", "sphinx-inline-tabs", "sphinx-lint", "sphinx-notfound-page (>=1,<2)", "sphinx-reredirects", "sphinxcontrib-towncrier", "towncrier (<24.7)"]
enabler = ["pytest-enabler (>=2.2)"]
test = ["build[virtualenv] (>=1.0.3)", "filelock (>=3.4.0)", "ini2toml[lite] (>=0.14)", "jaraco.develop (>=7.21) ; python_version >= \"3.9\" and sys_platform != \"cygwin\"", "jaraco.envs (>=2.2)", "jaraco.path (>=3.7.2)", "jaraco.test (>=5.5)", "packaging (>=24.2)", "pip (>=19.1)", "pyproject-hooks (!=1.1)", "pytest (>=6,!=8.1.*)", "pytest-home (>=0.5)", "pytest-perf ; sys_platform != \"cygwin\"", "pytest-subprocess", "pytest-timeout", "pytest-xdist (>=3)", "tomli-w (>=1.0.0)", "virtualenv (>=13.0.0)", "wheel (>=0.44.0)"]
type = ["importlib_metadata (>=7.0.2) ; python_version < \"3.10\"", "jaraco.develop (>=7.21) ; sys_platform != \"cygwin\"", "mypy (==1.18.*)", "pytest-mypy"]

[[package]]
name = "stubgen-pyx"
version = "0.2.2"
description = "Generates `.pyi` files from Cython modules in a given package directory."
optional = false
python-versions = ">=3.9"
groups = ["dev"]
files = [
    {file = "stubgen_pyx-0.2.2-py3-none-any.whl", hash = "sha256:666402fc889c468bb94cbe0dea436550634dec184b9361c343fab251f131b1bb"},
    {file = "stubgen_pyx-0.2.2.tar.gz", hash = "sha256:b4f4fe4e50484792799bf13c0bf118345981548eaa9024181d3d2021b7ff8957"},
]

[package.dependencies]
Cython = ">=3.0.11"
isort = ">=6.1.0"

[package.extras]
test = ["pytest (>=7.4.0)", "pytest-cov (>=7.0.0)"]

[metadata]
lock-version = "2.1"
python-versions = ">=3.11"
content-hash = "dc7d249c43736b4dc5c67d29d4918f1ddf6778b40ca2b95bc8536b20175944eb"
